# THIS IS AN AUTOGENERATED FILE. DO NOT EDIT THIS FILE DIRECTLY.
# yarn lockfile v1


mybatis@^0.0.1:
  version "0.0.1"
  resolved "https://registry.yarnpkg.com/mybatis/-/mybatis-0.0.1.tgz#49994eea60c81e38e51801b2d5db755d3febb29f"
  integrity sha512-wwcqCpjKwN/WN0knZ+KivUgnPUNVhobo1lb/IKaxWtsl/XFtHcJrNUJfPwAMQPPVxiYAmM2CtciE8ILdqd7XvQ==
